
Microsoft Visual Studio Solution File, Format Version 12.00
# Visual Studio Version 16
VisualStudioVersion = 16.0.30413.136
MinimumVisualStudioVersion = 10.0.40219.1
Project("{FAE04EC0-301F-11D3-BF4B-00C04F79EFBC}") = "TMS-DotNet04-Savitski.WepApi", "src\TMS-DotNet04-Savitski.WepApi\TMS-DotNet04-Savitski.WepApi.csproj", "{42307E4D-4084-4F93-8914-B96A0E0A3E8C}"
EndProject
Global
	GlobalSection(SolutionConfigurationPlatforms) = preSolution
		Debug|Any CPU = Debug|Any CPU
		Release|Any CPU = Release|Any CPU
	EndGlobalSection
	GlobalSection(ProjectConfigurationPlatforms) = postSolution
		{42307E4D-4084-4F93-8914-B96A0E0A3E8C}.Debug|Any CPU.ActiveCfg = Debug|Any CPU
		{42307E4D-4084-4F93-8914-B96A0E0A3E8C}.Debug|Any CPU.Build.0 = Debug|Any CPU
		{42307E4D-4084-4F93-8914-B96A0E0A3E8C}.Release|Any CPU.ActiveCfg = Release|Any CPU
		{42307E4D-4084-4F93-8914-B96A0E0A3E8C}.Release|Any CPU.Build.0 = Release|Any CPU
	EndGlobalSection
	GlobalSection(SolutionProperties) = preSolution
		HideSolutionNode = FALSE
	EndGlobalSection
	GlobalSection(ExtensibilityGlobals) = postSolution
		SolutionGuid = {7DABCF1E-0BFE-4D86-9E27-4F887E36C41A}
	EndGlobalSection
EndGlobal
